
Microsoft Visual Studio Solution File, Format Version 12.00
# Visual Studio Version 17
VisualStudioVersion = 17.7.34031.279
MinimumVisualStudioVersion = 10.0.40219.1
Project("{9A19103F-16F7-4668-BE54-9A1E7A4F7556}") = "Core.Persistence", "Core.Persistence\Core.Persistence.csproj", "{8B3B6AD4-D545-42C3-B9DD-5FBFE466D228}"
EndProject
Project("{9A19103F-16F7-4668-BE54-9A1E7A4F7556}") = "Core.Application", "Core.Application\Core.Application.csproj", "{F99306A8-A120-4CD0-BB60-913A896C46E4}"
EndProject
Project("{FAE04EC0-301F-11D3-BF4B-00C04F79EFBC}") = "Core.CrossCuttingConcerns", "Core.CrossCuttingConcerns\Core.CrossCuttingConcerns.csproj", "{DD58B249-59FD-4744-AB89-ECA2066BB115}"
EndProject
Global
	GlobalSection(SolutionConfigurationPlatforms) = preSolution
		Debug|Any CPU = Debug|Any CPU
		Release|Any CPU = Release|Any CPU
	EndGlobalSection
	GlobalSection(ProjectConfigurationPlatforms) = postSolution
		{8B3B6AD4-D545-42C3-B9DD-5FBFE466D228}.Debug|Any CPU.ActiveCfg = Debug|Any CPU
		{8B3B6AD4-D545-42C3-B9DD-5FBFE466D228}.Debug|Any CPU.Build.0 = Debug|Any CPU
		{8B3B6AD4-D545-42C3-B9DD-5FBFE466D228}.Release|Any CPU.ActiveCfg = Release|Any CPU
		{8B3B6AD4-D545-42C3-B9DD-5FBFE466D228}.Release|Any CPU.Build.0 = Release|Any CPU
		{F99306A8-A120-4CD0-BB60-913A896C46E4}.Debug|Any CPU.ActiveCfg = Debug|Any CPU
		{F99306A8-A120-4CD0-BB60-913A896C46E4}.Debug|Any CPU.Build.0 = Debug|Any CPU
		{F99306A8-A120-4CD0-BB60-913A896C46E4}.Release|Any CPU.ActiveCfg = Release|Any CPU
		{F99306A8-A120-4CD0-BB60-913A896C46E4}.Release|Any CPU.Build.0 = Release|Any CPU
		{DD58B249-59FD-4744-AB89-ECA2066BB115}.Debug|Any CPU.ActiveCfg = Debug|Any CPU
		{DD58B249-59FD-4744-AB89-ECA2066BB115}.Debug|Any CPU.Build.0 = Debug|Any CPU
		{DD58B249-59FD-4744-AB89-ECA2066BB115}.Release|Any CPU.ActiveCfg = Release|Any CPU
		{DD58B249-59FD-4744-AB89-ECA2066BB115}.Release|Any CPU.Build.0 = Release|Any CPU
	EndGlobalSection
	GlobalSection(SolutionProperties) = preSolution
		HideSolutionNode = FALSE
	EndGlobalSection
	GlobalSection(ExtensibilityGlobals) = postSolution
		SolutionGuid = {97A6CF70-B79C-46A0-8AA6-7B3DE2B16B6F}
	EndGlobalSection
EndGlobal
